
Microsoft Visual Studio Solution File, Format Version 12.00
# Visual Studio 2013
VisualStudioVersion = 12.0.31101.0
MinimumVisualStudioVersion = 10.0.40219.1
Project("{FAE04EC0-301F-11D3-BF4B-00C04F79EFBC}") = "7DTDManager", "7DTDManager\7DTDManager.csproj", "{CF5B72B6-F91B-4FB8-9298-F651A85DCFA6}"
EndProject
Project("{FAE04EC0-301F-11D3-BF4B-00C04F79EFBC}") = "7DTDManager.Interfaces", "7DTDManager.Interfaces\7DTDManager.Interfaces.csproj", "{04212D5D-973B-495A-BA06-6E2347E5FD67}"
EndProject
Project("{2150E333-8FDC-42A3-9474-1A3956D46DE8}") = "Common", "Common", "{83D34D94-E297-44FF-B3C9-B559E10C8C3C}"
	ProjectSection(SolutionItems) = preProject
		..\Changelog.txt = ..\Changelog.txt
		..\LICENSE = ..\LICENSE
		..\README.md = ..\README.md
	EndProjectSection
EndProject
Project("{2150E333-8FDC-42A3-9474-1A3956D46DE8}") = "Solution Items", "Solution Items", "{7D0F49D2-AFE8-409C-B15E-15F200578840}"
EndProject
Project("{2150E333-8FDC-42A3-9474-1A3956D46DE8}") = "Examples", "Examples", "{D8C839E2-9B83-4BF0-B817-E78A40E8F621}"
EndProject
Project("{FAE04EC0-301F-11D3-BF4B-00C04F79EFBC}") = "PositionNeedingCommand", "Examples\PositionNeedingCommand\PositionNeedingCommand.csproj", "{74B93D52-0E8E-4153-9329-8CB4FD12DFFA}"
EndProject
Project("{FAE04EC0-301F-11D3-BF4B-00C04F79EFBC}") = "DelayedEffect", "Examples\DelayedEffect\DelayedEffect.csproj", "{0A4404A0-D978-4ADF-BD74-D86ECB7D7AE0}"
EndProject
Global
	GlobalSection(SolutionConfigurationPlatforms) = preSolution
		Debug|Any CPU = Debug|Any CPU
		Release|Any CPU = Release|Any CPU
	EndGlobalSection
	GlobalSection(ProjectConfigurationPlatforms) = postSolution
		{CF5B72B6-F91B-4FB8-9298-F651A85DCFA6}.Debug|Any CPU.ActiveCfg = Debug|Any CPU
		{CF5B72B6-F91B-4FB8-9298-F651A85DCFA6}.Debug|Any CPU.Build.0 = Debug|Any CPU
		{CF5B72B6-F91B-4FB8-9298-F651A85DCFA6}.Release|Any CPU.ActiveCfg = Release|Any CPU
		{CF5B72B6-F91B-4FB8-9298-F651A85DCFA6}.Release|Any CPU.Build.0 = Release|Any CPU
		{04212D5D-973B-495A-BA06-6E2347E5FD67}.Debug|Any CPU.ActiveCfg = Debug|Any CPU
		{04212D5D-973B-495A-BA06-6E2347E5FD67}.Debug|Any CPU.Build.0 = Debug|Any CPU
		{04212D5D-973B-495A-BA06-6E2347E5FD67}.Release|Any CPU.ActiveCfg = Release|Any CPU
		{04212D5D-973B-495A-BA06-6E2347E5FD67}.Release|Any CPU.Build.0 = Release|Any CPU
		{74B93D52-0E8E-4153-9329-8CB4FD12DFFA}.Debug|Any CPU.ActiveCfg = Debug|Any CPU
		{74B93D52-0E8E-4153-9329-8CB4FD12DFFA}.Debug|Any CPU.Build.0 = Debug|Any CPU
		{74B93D52-0E8E-4153-9329-8CB4FD12DFFA}.Release|Any CPU.ActiveCfg = Release|Any CPU
		{74B93D52-0E8E-4153-9329-8CB4FD12DFFA}.Release|Any CPU.Build.0 = Release|Any CPU
		{0A4404A0-D978-4ADF-BD74-D86ECB7D7AE0}.Debug|Any CPU.ActiveCfg = Debug|Any CPU
		{0A4404A0-D978-4ADF-BD74-D86ECB7D7AE0}.Debug|Any CPU.Build.0 = Debug|Any CPU
		{0A4404A0-D978-4ADF-BD74-D86ECB7D7AE0}.Release|Any CPU.ActiveCfg = Release|Any CPU
		{0A4404A0-D978-4ADF-BD74-D86ECB7D7AE0}.Release|Any CPU.Build.0 = Release|Any CPU
	EndGlobalSection
	GlobalSection(SolutionProperties) = preSolution
		HideSolutionNode = FALSE
	EndGlobalSection
	GlobalSection(NestedProjects) = preSolution
		{74B93D52-0E8E-4153-9329-8CB4FD12DFFA} = {D8C839E2-9B83-4BF0-B817-E78A40E8F621}
		{0A4404A0-D978-4ADF-BD74-D86ECB7D7AE0} = {D8C839E2-9B83-4BF0-B817-E78A40E8F621}
	EndGlobalSection
EndGlobal
